// !$*UTF8*$!
{
	archiveVersion = 1;
	classes = {
	};
	objectVersion = 55;
	objects = {

/* Begin PBXBuildFile section */
		5B031F8E28B65C9500648DCB /* CastCells.swift in Sources */ = {isa = PBXBuildFile; fileRef = 5B031F8D28B65C9500648DCB /* CastCells.swift */; };
		5B0DDFB628B27201009BE692 /* UILabel.swift in Sources */ = {isa = PBXBuildFile; fileRef = 5B0DDFB528B27201009BE692 /* UILabel.swift */; };
		5B0DDFB828B29830009BE692 /* activeChats.json in Resources */ = {isa = PBXBuildFile; fileRef = 5B0DDFB728B29830009BE692 /* activeChats.json */; };
		5B0DDFBA28B29835009BE692 /* waitingChats.json in Resources */ = {isa = PBXBuildFile; fileRef = 5B0DDFB928B29835009BE692 /* waitingChats.json */; };
		5B1347BA28AFC0920053C898 /* Kingfisher in Frameworks */ = {isa = PBXBuildFile; productRef = 5B1347B928AFC0920053C898 /* Kingfisher */; };
		5B1347BC28AFC27B0053C898 /* SectionHeader.swift in Sources */ = {isa = PBXBuildFile; fileRef = 5B1347BB28AFC27B0053C898 /* SectionHeader.swift */; };
		5B1347C028AFC8120053C898 /* UIViewController.swift in Sources */ = {isa = PBXBuildFile; fileRef = 5B1347BF28AFC8120053C898 /* UIViewController.swift */; };
		5B1347C228AFC8340053C898 /* SelfConfigCellProtocol.swift in Sources */ = {isa = PBXBuildFile; fileRef = 5B1347C128AFC8340053C898 /* SelfConfigCellProtocol.swift */; };
		5B1347C528AFC92E0053C898 /* MovieCells.swift in Sources */ = {isa = PBXBuildFile; fileRef = 5B1347C428AFC92E0053C898 /* MovieCells.swift */; };
		5B1347C828AFD06F0053C898 /* SDWebImage in Frameworks */ = {isa = PBXBuildFile; productRef = 5B1347C728AFD06F0053C898 /* SDWebImage */; };
		5B162A1628AF683F00331FF0 /* API Caller.swift in Sources */ = {isa = PBXBuildFile; fileRef = 5B162A1528AF683F00331FF0 /* API Caller.swift */; };
		5B162A1828AF687500331FF0 /* Title.swift in Sources */ = {isa = PBXBuildFile; fileRef = 5B162A1728AF687500331FF0 /* Title.swift */; };
		5B22B5F428AE1B4A00DFC864 /* String Extension.swift in Sources */ = {isa = PBXBuildFile; fileRef = 5B22B5F328AE1B4A00DFC864 /* String Extension.swift */; };
		5B42AD9F28AD712C0098B51C /* Bundle.swift in Sources */ = {isa = PBXBuildFile; fileRef = 5B42AD9E28AD712C0098B51C /* Bundle.swift */; };
		5B42ADA428AD72E00098B51C /* MainTabBarController.swift in Sources */ = {isa = PBXBuildFile; fileRef = 5B42ADA328AD72E00098B51C /* MainTabBarController.swift */; };
		5B42ADA628AD73140098B51C /* ProfileController.swift in Sources */ = {isa = PBXBuildFile; fileRef = 5B42ADA528AD73140098B51C /* ProfileController.swift */; };
		5B42ADA928AD791A0098B51C /* RxGesture in Frameworks */ = {isa = PBXBuildFile; productRef = 5B42ADA828AD791A0098B51C /* RxGesture */; };
		5B42ADAD28AD79410098B51C /* SnapKit in Frameworks */ = {isa = PBXBuildFile; productRef = 5B42ADAC28AD79410098B51C /* SnapKit */; };
		5B42ADB428AD79A80098B51C /* CustomTabItem.swift in Sources */ = {isa = PBXBuildFile; fileRef = 5B42ADAF28AD79A80098B51C /* CustomTabItem.swift */; };
		5B42ADB528AD79A80098B51C /* Extensions.swift in Sources */ = {isa = PBXBuildFile; fileRef = 5B42ADB028AD79A80098B51C /* Extensions.swift */; };
		5B42ADB628AD79A80098B51C /* CustomItemView.swift in Sources */ = {isa = PBXBuildFile; fileRef = 5B42ADB128AD79A80098B51C /* CustomItemView.swift */; };
		5B42ADB728AD79A80098B51C /* CustomTabBarController.swift in Sources */ = {isa = PBXBuildFile; fileRef = 5B42ADB228AD79A80098B51C /* CustomTabBarController.swift */; };
		5B42ADB828AD79A80098B51C /* CustomTabBar.swift in Sources */ = {isa = PBXBuildFile; fileRef = 5B42ADB328AD79A80098B51C /* CustomTabBar.swift */; };
		5B61DA0F28B4191E004EBED0 /* UIStackView.swift in Sources */ = {isa = PBXBuildFile; fileRef = 5B61DA0E28B4191E004EBED0 /* UIStackView.swift */; };
		5B8302F128AD50AB005DF459 /* AppDelegate.swift in Sources */ = {isa = PBXBuildFile; fileRef = 5B8302F028AD50AB005DF459 /* AppDelegate.swift */; };
		5B8302F328AD50AB005DF459 /* SceneDelegate.swift in Sources */ = {isa = PBXBuildFile; fileRef = 5B8302F228AD50AB005DF459 /* SceneDelegate.swift */; };
		5B8302F528AD50AB005DF459 /* VideoController.swift in Sources */ = {isa = PBXBuildFile; fileRef = 5B8302F428AD50AB005DF459 /* VideoController.swift */; };
		5B8302FA28AD50AB005DF459 /* Assets.xcassets in Resources */ = {isa = PBXBuildFile; fileRef = 5B8302F928AD50AB005DF459 /* Assets.xcassets */; };
		5B8302FD28AD50AB005DF459 /* LaunchScreen.storyboard in Resources */ = {isa = PBXBuildFile; fileRef = 5B8302FB28AD50AB005DF459 /* LaunchScreen.storyboard */; };
		5BABB3BF28B4030B0044D79A /* TitleViewController.swift in Sources */ = {isa = PBXBuildFile; fileRef = 5BABB3BE28B4030B0044D79A /* TitleViewController.swift */; };
		5BABB3C128B404900044D79A /* Gradient.swift in Sources */ = {isa = PBXBuildFile; fileRef = 5BABB3C028B404900044D79A /* Gradient.swift */; };
		5BABB3C328B412520044D79A /* Cast.swift in Sources */ = {isa = PBXBuildFile; fileRef = 5BABB3C228B412520044D79A /* Cast.swift */; };
		5BDAF4E228AE2A6900B2716F /* Color.swift in Sources */ = {isa = PBXBuildFile; fileRef = 5BDAF4E128AE2A6900B2716F /* Color.swift */; };
		5BDAF4E428AE2A8A00B2716F /* Font.swift in Sources */ = {isa = PBXBuildFile; fileRef = 5BDAF4E328AE2A8A00B2716F /* Font.swift */; };
		5BE0C1CD28AFF620008E9AF6 /* TVCells.swift in Sources */ = {isa = PBXBuildFile; fileRef = 5BE0C1CC28AFF620008E9AF6 /* TVCells.swift */; };
		5BEAB2A628B78C1900D8C19C /* Header.swift in Sources */ = {isa = PBXBuildFile; fileRef = 5BEAB2A528B78C1900D8C19C /* Header.swift */; };
/* End PBXBuildFile section */

/* Begin PBXFileReference section */
		5B031F8D28B65C9500648DCB /* CastCells.swift */ = {isa = PBXFileReference; lastKnownFileType = sourcecode.swift; path = CastCells.swift; sourceTree = "<group>"; };
		5B0DDFB528B27201009BE692 /* UILabel.swift */ = {isa = PBXFileReference; lastKnownFileType = sourcecode.swift; path = UILabel.swift; sourceTree = "<group>"; };
		5B0DDFB728B29830009BE692 /* activeChats.json */ = {isa = PBXFileReference; fileEncoding = 4; lastKnownFileType = text.json; path = activeChats.json; sourceTree = "<group>"; };
		5B0DDFB928B29835009BE692 /* waitingChats.json */ = {isa = PBXFileReference; fileEncoding = 4; lastKnownFileType = text.json; path = waitingChats.json; sourceTree = "<group>"; };
		5B1347BB28AFC27B0053C898 /* SectionHeader.swift */ = {isa = PBXFileReference; fileEncoding = 4; lastKnownFileType = sourcecode.swift; path = SectionHeader.swift; sourceTree = "<group>"; };
		5B1347BF28AFC8120053C898 /* UIViewController.swift */ = {isa = PBXFileReference; lastKnownFileType = sourcecode.swift; path = UIViewController.swift; sourceTree = "<group>"; };
		5B1347C128AFC8340053C898 /* SelfConfigCellProtocol.swift */ = {isa = PBXFileReference; lastKnownFileType = sourcecode.swift; path = SelfConfigCellProtocol.swift; sourceTree = "<group>"; };
		5B1347C428AFC92E0053C898 /* MovieCells.swift */ = {isa = PBXFileReference; lastKnownFileType = sourcecode.swift; path = MovieCells.swift; sourceTree = "<group>"; };
		5B162A1528AF683F00331FF0 /* API Caller.swift */ = {isa = PBXFileReference; lastKnownFileType = sourcecode.swift; path = "API Caller.swift"; sourceTree = "<group>"; };
		5B162A1728AF687500331FF0 /* Title.swift */ = {isa = PBXFileReference; lastKnownFileType = sourcecode.swift; path = Title.swift; sourceTree = "<group>"; };
		5B22B5F328AE1B4A00DFC864 /* String Extension.swift */ = {isa = PBXFileReference; lastKnownFileType = sourcecode.swift; path = "String Extension.swift"; sourceTree = "<group>"; };
		5B42AD9E28AD712C0098B51C /* Bundle.swift */ = {isa = PBXFileReference; lastKnownFileType = sourcecode.swift; path = Bundle.swift; sourceTree = "<group>"; };
		5B42ADA328AD72E00098B51C /* MainTabBarController.swift */ = {isa = PBXFileReference; lastKnownFileType = sourcecode.swift; path = MainTabBarController.swift; sourceTree = "<group>"; };
		5B42ADA528AD73140098B51C /* ProfileController.swift */ = {isa = PBXFileReference; lastKnownFileType = sourcecode.swift; path = ProfileController.swift; sourceTree = "<group>"; };
		5B42ADAF28AD79A80098B51C /* CustomTabItem.swift */ = {isa = PBXFileReference; fileEncoding = 4; lastKnownFileType = sourcecode.swift; path = CustomTabItem.swift; sourceTree = "<group>"; };
		5B42ADB028AD79A80098B51C /* Extensions.swift */ = {isa = PBXFileReference; fileEncoding = 4; lastKnownFileType = sourcecode.swift; path = Extensions.swift; sourceTree = "<group>"; };
		5B42ADB128AD79A80098B51C /* CustomItemView.swift */ = {isa = PBXFileReference; fileEncoding = 4; lastKnownFileType = sourcecode.swift; path = CustomItemView.swift; sourceTree = "<group>"; };
		5B42ADB228AD79A80098B51C /* CustomTabBarController.swift */ = {isa = PBXFileReference; fileEncoding = 4; lastKnownFileType = sourcecode.swift; path = CustomTabBarController.swift; sourceTree = "<group>"; };
		5B42ADB328AD79A80098B51C /* CustomTabBar.swift */ = {isa = PBXFileReference; fileEncoding = 4; lastKnownFileType = sourcecode.swift; path = CustomTabBar.swift; sourceTree = "<group>"; };
		5B61DA0E28B4191E004EBED0 /* UIStackView.swift */ = {isa = PBXFileReference; lastKnownFileType = sourcecode.swift; path = UIStackView.swift; sourceTree = "<group>"; };
		5B8302ED28AD50AB005DF459 /* Test1.app */ = {isa = PBXFileReference; explicitFileType = wrapper.application; includeInIndex = 0; path = Test1.app; sourceTree = BUILT_PRODUCTS_DIR; };
		5B8302F028AD50AB005DF459 /* AppDelegate.swift */ = {isa = PBXFileReference; lastKnownFileType = sourcecode.swift; path = AppDelegate.swift; sourceTree = "<group>"; };
		5B8302F228AD50AB005DF459 /* SceneDelegate.swift */ = {isa = PBXFileReference; lastKnownFileType = sourcecode.swift; path = SceneDelegate.swift; sourceTree = "<group>"; };
		5B8302F428AD50AB005DF459 /* VideoController.swift */ = {isa = PBXFileReference; lastKnownFileType = sourcecode.swift; path = VideoController.swift; sourceTree = "<group>"; };
		5B8302F928AD50AB005DF459 /* Assets.xcassets */ = {isa = PBXFileReference; lastKnownFileType = folder.assetcatalog; path = Assets.xcassets; sourceTree = "<group>"; };
		5B8302FC28AD50AB005DF459 /* Base */ = {isa = PBXFileReference; lastKnownFileType = file.storyboard; name = Base; path = Base.lproj/LaunchScreen.storyboard; sourceTree = "<group>"; };
		5B8302FE28AD50AB005DF459 /* Info.plist */ = {isa = PBXFileReference; lastKnownFileType = text.plist.xml; path = Info.plist; sourceTree = "<group>"; };
		5BABB3BE28B4030B0044D79A /* TitleViewController.swift */ = {isa = PBXFileReference; lastKnownFileType = sourcecode.swift; path = TitleViewController.swift; sourceTree = "<group>"; };
		5BABB3C028B404900044D79A /* Gradient.swift */ = {isa = PBXFileReference; lastKnownFileType = sourcecode.swift; path = Gradient.swift; sourceTree = "<group>"; };
		5BABB3C228B412520044D79A /* Cast.swift */ = {isa = PBXFileReference; lastKnownFileType = sourcecode.swift; path = Cast.swift; sourceTree = "<group>"; };
		5BDAF4E128AE2A6900B2716F /* Color.swift */ = {isa = PBXFileReference; lastKnownFileType = sourcecode.swift; path = Color.swift; sourceTree = "<group>"; };
		5BDAF4E328AE2A8A00B2716F /* Font.swift */ = {isa = PBXFileReference; lastKnownFileType = sourcecode.swift; path = Font.swift; sourceTree = "<group>"; };
		5BE0C1CC28AFF620008E9AF6 /* TVCells.swift */ = {isa = PBXFileReference; lastKnownFileType = sourcecode.swift; path = TVCells.swift; sourceTree = "<group>"; };
		5BEAB2A528B78C1900D8C19C /* Header.swift */ = {isa = PBXFileReference; lastKnownFileType = sourcecode.swift; path = Header.swift; sourceTree = "<group>"; };
/* End PBXFileReference section */

/* Begin PBXFrameworksBuildPhase section */
		5B8302EA28AD50AB005DF459 /* Frameworks */ = {
			isa = PBXFrameworksBuildPhase;
			buildActionMask = 2147483647;
			files = (
				5B1347BA28AFC0920053C898 /* Kingfisher in Frameworks */,
				5B42ADA928AD791A0098B51C /* RxGesture in Frameworks */,
				5B1347C828AFD06F0053C898 /* SDWebImage in Frameworks */,
				5B42ADAD28AD79410098B51C /* SnapKit in Frameworks */,
			);
			runOnlyForDeploymentPostprocessing = 0;
		};
/* End PBXFrameworksBuildPhase section */

/* Begin PBXGroup section */
		5B1347C328AFC9180053C898 /* Cells */ = {
			isa = PBXGroup;
			children = (
				5B1347C428AFC92E0053C898 /* MovieCells.swift */,
				5BE0C1CC28AFF620008E9AF6 /* TVCells.swift */,
				5B031F8D28B65C9500648DCB /* CastCells.swift */,
				5BEAB2A528B78C1900D8C19C /* Header.swift */,
			);
			path = Cells;
			sourceTree = "<group>";
		};
		5B162A1328AF680700331FF0 /* Extensions */ = {
			isa = PBXGroup;
			children = (
				5B42AD9E28AD712C0098B51C /* Bundle.swift */,
				5B1347BF28AFC8120053C898 /* UIViewController.swift */,
				5B0DDFB528B27201009BE692 /* UILabel.swift */,
				5BDAF4E128AE2A6900B2716F /* Color.swift */,
				5BDAF4E328AE2A8A00B2716F /* Font.swift */,
				5B61DA0E28B4191E004EBED0 /* UIStackView.swift */,
				5BABB3C028B404900044D79A /* Gradient.swift */,
				5B22B5F328AE1B4A00DFC864 /* String Extension.swift */,
			);
			path = Extensions;
			sourceTree = "<group>";
		};
		5B162A1428AF683100331FF0 /* API Caller */ = {
			isa = PBXGroup;
			children = (
				5B162A1528AF683F00331FF0 /* API Caller.swift */,
			);
			path = "API Caller";
			sourceTree = "<group>";
		};
		5B162A1928AF688300331FF0 /* Model */ = {
			isa = PBXGroup;
			children = (
				5B162A1728AF687500331FF0 /* Title.swift */,
				5BABB3C228B412520044D79A /* Cast.swift */,
			);
			path = Model;
			sourceTree = "<group>";
		};
		5B42ADA228AD72CA0098B51C /* Controllers */ = {
			isa = PBXGroup;
			children = (
				5B8302F428AD50AB005DF459 /* VideoController.swift */,
				5B42ADA328AD72E00098B51C /* MainTabBarController.swift */,
				5B42ADA528AD73140098B51C /* ProfileController.swift */,
				5BABB3BE28B4030B0044D79A /* TitleViewController.swift */,
			);
			path = Controllers;
			sourceTree = "<group>";
		};
		5B42ADAE28AD79960098B51C /* CustomTapBar */ = {
			isa = PBXGroup;
			children = (
				5B42ADB128AD79A80098B51C /* CustomItemView.swift */,
				5B42ADB328AD79A80098B51C /* CustomTabBar.swift */,
				5B42ADB228AD79A80098B51C /* CustomTabBarController.swift */,
				5B42ADAF28AD79A80098B51C /* CustomTabItem.swift */,
				5B42ADB028AD79A80098B51C /* Extensions.swift */,
			);
			path = CustomTapBar;
			sourceTree = "<group>";
		};
		5B8302E428AD50AB005DF459 = {
			isa = PBXGroup;
			children = (
				5B8302EF28AD50AB005DF459 /* Test1 */,
				5B8302EE28AD50AB005DF459 /* Products */,
			);
			sourceTree = "<group>";
		};
		5B8302EE28AD50AB005DF459 /* Products */ = {
			isa = PBXGroup;
			children = (
				5B8302ED28AD50AB005DF459 /* Test1.app */,
			);
			name = Products;
			sourceTree = "<group>";
		};
		5B8302EF28AD50AB005DF459 /* Test1 */ = {
			isa = PBXGroup;
			children = (
				5B8302F028AD50AB005DF459 /* AppDelegate.swift */,
				5B8302F228AD50AB005DF459 /* SceneDelegate.swift */,
				5B1347BB28AFC27B0053C898 /* SectionHeader.swift */,
				5B1347C128AFC8340053C898 /* SelfConfigCellProtocol.swift */,
				5B1347C328AFC9180053C898 /* Cells */,
				5B162A1928AF688300331FF0 /* Model */,
				5B162A1428AF683100331FF0 /* API Caller */,
				5B42ADA228AD72CA0098B51C /* Controllers */,
				5B162A1328AF680700331FF0 /* Extensions */,
				5B42ADAE28AD79960098B51C /* CustomTapBar */,
				5B8302F928AD50AB005DF459 /* Assets.xcassets */,
				5B0DDFB728B29830009BE692 /* activeChats.json */,
				5B0DDFB928B29835009BE692 /* waitingChats.json */,
				5B8302FB28AD50AB005DF459 /* LaunchScreen.storyboard */,
				5B8302FE28AD50AB005DF459 /* Info.plist */,
			);
			path = Test1;
			sourceTree = "<group>";
		};
/* End PBXGroup section */

/* Begin PBXNativeTarget section */
		5B8302EC28AD50AB005DF459 /* Test1 */ = {
			isa = PBXNativeTarget;
			buildConfigurationList = 5B83030128AD50AB005DF459 /* Build configuration list for PBXNativeTarget "Test1" */;
			buildPhases = (
				5B8302E928AD50AB005DF459 /* Sources */,
				5B8302EA28AD50AB005DF459 /* Frameworks */,
				5B8302EB28AD50AB005DF459 /* Resources */,
			);
			buildRules = (
			);
			dependencies = (
			);
			name = Test1;
			packageProductDependencies = (
				5B42ADA828AD791A0098B51C /* RxGesture */,
				5B42ADAC28AD79410098B51C /* SnapKit */,
				5B1347B928AFC0920053C898 /* Kingfisher */,
				5B1347C728AFD06F0053C898 /* SDWebImage */,
			);
			productName = Test1;
			productReference = 5B8302ED28AD50AB005DF459 /* Test1.app */;
			productType = "com.apple.product-type.application";
		};
/* End PBXNativeTarget section */

/* Begin PBXProject section */
		5B8302E528AD50AB005DF459 /* Project object */ = {
			isa = PBXProject;
			attributes = {
				BuildIndependentTargetsInParallel = 1;
				LastSwiftUpdateCheck = 1330;
				LastUpgradeCheck = 1330;
				TargetAttributes = {
					5B8302EC28AD50AB005DF459 = {
						CreatedOnToolsVersion = 13.3.1;
					};
				};
			};
			buildConfigurationList = 5B8302E828AD50AB005DF459 /* Build configuration list for PBXProject "Test1" */;
			compatibilityVersion = "Xcode 13.0";
			developmentRegion = en;
			hasScannedForEncodings = 0;
			knownRegions = (
				en,
				Base,
			);
			mainGroup = 5B8302E428AD50AB005DF459;
			packageReferences = (
				5B42ADA728AD791A0098B51C /* XCRemoteSwiftPackageReference "RxGesture" */,
				5B42ADAA28AD792D0098B51C /* XCRemoteSwiftPackageReference "RxSwift" */,
				5B42ADAB28AD79410098B51C /* XCRemoteSwiftPackageReference "SnapKit" */,
				5B1347B828AFC0920053C898 /* XCRemoteSwiftPackageReference "Kingfisher" */,
				5B1347C628AFD06F0053C898 /* XCRemoteSwiftPackageReference "SDWebImage" */,
			);
			productRefGroup = 5B8302EE28AD50AB005DF459 /* Products */;
			projectDirPath = "";
			projectRoot = "";
			targets = (
				5B8302EC28AD50AB005DF459 /* Test1 */,
			);
		};
/* End PBXProject section */

/* Begin PBXResourcesBuildPhase section */
		5B8302EB28AD50AB005DF459 /* Resources */ = {
			isa = PBXResourcesBuildPhase;
			buildActionMask = 2147483647;
			files = (
				5B8302FD28AD50AB005DF459 /* LaunchScreen.storyboard in Resources */,
				5B0DDFB828B29830009BE692 /* activeChats.json in Resources */,
				5B8302FA28AD50AB005DF459 /* Assets.xcassets in Resources */,
				5B0DDFBA28B29835009BE692 /* waitingChats.json in Resources */,
			);
			runOnlyForDeploymentPostprocessing = 0;
		};
/* End PBXResourcesBuildPhase section */

/* Begin PBXSourcesBuildPhase section */
		5B8302E928AD50AB005DF459 /* Sources */ = {
			isa = PBXSourcesBuildPhase;
			buildActionMask = 2147483647;
			files = (
				5B0DDFB628B27201009BE692 /* UILabel.swift in Sources */,
				5B8302F528AD50AB005DF459 /* VideoController.swift in Sources */,
				5BABB3C328B412520044D79A /* Cast.swift in Sources */,
				5B42ADA628AD73140098B51C /* ProfileController.swift in Sources */,
				5BDAF4E428AE2A8A00B2716F /* Font.swift in Sources */,
				5B1347C028AFC8120053C898 /* UIViewController.swift in Sources */,
				5B162A1628AF683F00331FF0 /* API Caller.swift in Sources */,
				5BE0C1CD28AFF620008E9AF6 /* TVCells.swift in Sources */,
				5B1347C228AFC8340053C898 /* SelfConfigCellProtocol.swift in Sources */,
				5B42ADB728AD79A80098B51C /* CustomTabBarController.swift in Sources */,
				5B42ADB828AD79A80098B51C /* CustomTabBar.swift in Sources */,
				5B61DA0F28B4191E004EBED0 /* UIStackView.swift in Sources */,
				5B42ADB428AD79A80098B51C /* CustomTabItem.swift in Sources */,
				5B22B5F428AE1B4A00DFC864 /* String Extension.swift in Sources */,
				5B42ADB628AD79A80098B51C /* CustomItemView.swift in Sources */,
				5B162A1828AF687500331FF0 /* Title.swift in Sources */,
				5B42ADB528AD79A80098B51C /* Extensions.swift in Sources */,
				5BABB3BF28B4030B0044D79A /* TitleViewController.swift in Sources */,
				5BEAB2A628B78C1900D8C19C /* Header.swift in Sources */,
				5B1347C528AFC92E0053C898 /* MovieCells.swift in Sources */,
				5B42AD9F28AD712C0098B51C /* Bundle.swift in Sources */,
				5B1347BC28AFC27B0053C898 /* SectionHeader.swift in Sources */,
				5BDAF4E228AE2A6900B2716F /* Color.swift in Sources */,
				5B42ADA428AD72E00098B51C /* MainTabBarController.swift in Sources */,
				5B031F8E28B65C9500648DCB /* CastCells.swift in Sources */,
				5B8302F128AD50AB005DF459 /* AppDelegate.swift in Sources */,
				5B8302F328AD50AB005DF459 /* SceneDelegate.swift in Sources */,
				5BABB3C128B404900044D79A /* Gradient.swift in Sources */,
			);
			runOnlyForDeploymentPostprocessing = 0;
		};
/* End PBXSourcesBuildPhase section */

/* Begin PBXVariantGroup section */
		5B8302FB28AD50AB005DF459 /* LaunchScreen.storyboard */ = {
			isa = PBXVariantGroup;
			children = (
				5B8302FC28AD50AB005DF459 /* Base */,
			);
			name = LaunchScreen.storyboard;
			sourceTree = "<group>";
		};
/* End PBXVariantGroup section */

/* Begin XCBuildConfiguration section */
		5B8302FF28AD50AB005DF459 /* Debug */ = {
			isa = XCBuildConfiguration;
			buildSettings = {
				ALWAYS_SEARCH_USER_PATHS = NO;
				CLANG_ANALYZER_NONNULL = YES;
				CLANG_ANALYZER_NUMBER_OBJECT_CONVERSION = YES_AGGRESSIVE;
				CLANG_CXX_LANGUAGE_STANDARD = "gnu++17";
				CLANG_ENABLE_MODULES = YES;
				CLANG_ENABLE_OBJC_ARC = YES;
				CLANG_ENABLE_OBJC_WEAK = YES;
				CLANG_WARN_BLOCK_CAPTURE_AUTORELEASING = YES;
				CLANG_WARN_BOOL_CONVERSION = YES;
				CLANG_WARN_COMMA = YES;
				CLANG_WARN_CONSTANT_CONVERSION = YES;
				CLANG_WARN_DEPRECATED_OBJC_IMPLEMENTATIONS = YES;
				CLANG_WARN_DIRECT_OBJC_ISA_USAGE = YES_ERROR;
				CLANG_WARN_DOCUMENTATION_COMMENTS = YES;
				CLANG_WARN_EMPTY_BODY = YES;
				CLANG_WARN_ENUM_CONVERSION = YES;
				CLANG_WARN_INFINITE_RECURSION = YES;
				CLANG_WARN_INT_CONVERSION = YES;
				CLANG_WARN_NON_LITERAL_NULL_CONVERSION = YES;
				CLANG_WARN_OBJC_IMPLICIT_RETAIN_SELF = YES;
				CLANG_WARN_OBJC_LITERAL_CONVERSION = YES;
				CLANG_WARN_OBJC_ROOT_CLASS = YES_ERROR;
				CLANG_WARN_QUOTED_INCLUDE_IN_FRAMEWORK_HEADER = YES;
				CLANG_WARN_RANGE_LOOP_ANALYSIS = YES;
				CLANG_WARN_STRICT_PROTOTYPES = YES;
				CLANG_WARN_SUSPICIOUS_MOVE = YES;
				CLANG_WARN_UNGUARDED_AVAILABILITY = YES_AGGRESSIVE;
				CLANG_WARN_UNREACHABLE_CODE = YES;
				CLANG_WARN__DUPLICATE_METHOD_MATCH = YES;
				COPY_PHASE_STRIP = NO;
				DEBUG_INFORMATION_FORMAT = dwarf;
				ENABLE_STRICT_OBJC_MSGSEND = YES;
				ENABLE_TESTABILITY = YES;
				GCC_C_LANGUAGE_STANDARD = gnu11;
				GCC_DYNAMIC_NO_PIC = NO;
				GCC_NO_COMMON_BLOCKS = YES;
				GCC_OPTIMIZATION_LEVEL = 0;
				GCC_PREPROCESSOR_DEFINITIONS = (
					"DEBUG=1",
					"$(inherited)",
				);
				GCC_WARN_64_TO_32_BIT_CONVERSION = YES;
				GCC_WARN_ABOUT_RETURN_TYPE = YES_ERROR;
				GCC_WARN_UNDECLARED_SELECTOR = YES;
				GCC_WARN_UNINITIALIZED_AUTOS = YES_AGGRESSIVE;
				GCC_WARN_UNUSED_FUNCTION = YES;
				GCC_WARN_UNUSED_VARIABLE = YES;
				IPHONEOS_DEPLOYMENT_TARGET = 15.4;
				MTL_ENABLE_DEBUG_INFO = INCLUDE_SOURCE;
				MTL_FAST_MATH = YES;
				ONLY_ACTIVE_ARCH = YES;
				SDKROOT = iphoneos;
				SWIFT_ACTIVE_COMPILATION_CONDITIONS = DEBUG;
				SWIFT_OPTIMIZATION_LEVEL = "-Onone";
			};
			name = Debug;
		};
		5B83030028AD50AB005DF459 /* Release */ = {
			isa = XCBuildConfiguration;
			buildSettings = {
				ALWAYS_SEARCH_USER_PATHS = NO;
				CLANG_ANALYZER_NONNULL = YES;
				CLANG_ANALYZER_NUMBER_OBJECT_CONVERSION = YES_AGGRESSIVE;
				CLANG_CXX_LANGUAGE_STANDARD = "gnu++17";
				CLANG_ENABLE_MODULES = YES;
				CLANG_ENABLE_OBJC_ARC = YES;
				CLANG_ENABLE_OBJC_WEAK = YES;
				CLANG_WARN_BLOCK_CAPTURE_AUTORELEASING = YES;
				CLANG_WARN_BOOL_CONVERSION = YES;
				CLANG_WARN_COMMA = YES;
				CLANG_WARN_CONSTANT_CONVERSION = YES;
				CLANG_WARN_DEPRECATED_OBJC_IMPLEMENTATIONS = YES;
				CLANG_WARN_DIRECT_OBJC_ISA_USAGE = YES_ERROR;
				CLANG_WARN_DOCUMENTATION_COMMENTS = YES;
				CLANG_WARN_EMPTY_BODY = YES;
				CLANG_WARN_ENUM_CONVERSION = YES;
				CLANG_WARN_INFINITE_RECURSION = YES;
				CLANG_WARN_INT_CONVERSION = YES;
				CLANG_WARN_NON_LITERAL_NULL_CONVERSION = YES;
				CLANG_WARN_OBJC_IMPLICIT_RETAIN_SELF = YES;
				CLANG_WARN_OBJC_LITERAL_CONVERSION = YES;
				CLANG_WARN_OBJC_ROOT_CLASS = YES_ERROR;
				CLANG_WARN_QUOTED_INCLUDE_IN_FRAMEWORK_HEADER = YES;
				CLANG_WARN_RANGE_LOOP_ANALYSIS = YES;
				CLANG_WARN_STRICT_PROTOTYPES = YES;
				CLANG_WARN_SUSPICIOUS_MOVE = YES;
				CLANG_WARN_UNGUARDED_AVAILABILITY = YES_AGGRESSIVE;
				CLANG_WARN_UNREACHABLE_CODE = YES;
				CLANG_WARN__DUPLICATE_METHOD_MATCH = YES;
				COPY_PHASE_STRIP = NO;
				DEBUG_INFORMATION_FORMAT = "dwarf-with-dsym";
				ENABLE_NS_ASSERTIONS = NO;
				ENABLE_STRICT_OBJC_MSGSEND = YES;
				GCC_C_LANGUAGE_STANDARD = gnu11;
				GCC_NO_COMMON_BLOCKS = YES;
				GCC_WARN_64_TO_32_BIT_CONVERSION = YES;
				GCC_WARN_ABOUT_RETURN_TYPE = YES_ERROR;
				GCC_WARN_UNDECLARED_SELECTOR = YES;
				GCC_WARN_UNINITIALIZED_AUTOS = YES_AGGRESSIVE;
				GCC_WARN_UNUSED_FUNCTION = YES;
				GCC_WARN_UNUSED_VARIABLE = YES;
				IPHONEOS_DEPLOYMENT_TARGET = 15.4;
				MTL_ENABLE_DEBUG_INFO = NO;
				MTL_FAST_MATH = YES;
				SDKROOT = iphoneos;
				SWIFT_COMPILATION_MODE = wholemodule;
				SWIFT_OPTIMIZATION_LEVEL = "-O";
				VALIDATE_PRODUCT = YES;
			};
			name = Release;
		};
		5B83030228AD50AB005DF459 /* Debug */ = {
			isa = XCBuildConfiguration;
			buildSettings = {
				ASSETCATALOG_COMPILER_APPICON_NAME = AppIcon;
				ASSETCATALOG_COMPILER_GLOBAL_ACCENT_COLOR_NAME = AccentColor;
				CODE_SIGN_STYLE = Automatic;
				CURRENT_PROJECT_VERSION = 1;
				DEVELOPMENT_TEAM = HP7U6AK4Y6;
				GENERATE_INFOPLIST_FILE = YES;
				INFOPLIST_FILE = Test1/Info.plist;
				INFOPLIST_KEY_UIApplicationSupportsIndirectInputEvents = YES;
				INFOPLIST_KEY_UILaunchStoryboardName = LaunchScreen;
				INFOPLIST_KEY_UISupportedInterfaceOrientations_iPad = "UIInterfaceOrientationPortrait UIInterfaceOrientationPortraitUpsideDown UIInterfaceOrientationLandscapeLeft UIInterfaceOrientationLandscapeRight";
				INFOPLIST_KEY_UISupportedInterfaceOrientations_iPhone = "UIInterfaceOrientationPortrait UIInterfaceOrientationLandscapeLeft UIInterfaceOrientationLandscapeRight";
				LD_RUNPATH_SEARCH_PATHS = (
					"$(inherited)",
					"@executable_path/Frameworks",
				);
				MARKETING_VERSION = 1.0;
				PRODUCT_BUNDLE_IDENTIFIER = dberd.Test1;
				PRODUCT_NAME = "$(TARGET_NAME)";
				SWIFT_EMIT_LOC_STRINGS = YES;
				SWIFT_VERSION = 5.0;
				TARGETED_DEVICE_FAMILY = "1,2";
			};
			name = Debug;
		};
		5B83030328AD50AB005DF459 /* Release */ = {
			isa = XCBuildConfiguration;
			buildSettings = {
				ASSETCATALOG_COMPILER_APPICON_NAME = AppIcon;
				ASSETCATALOG_COMPILER_GLOBAL_ACCENT_COLOR_NAME = AccentColor;
				CODE_SIGN_STYLE = Automatic;
				CURRENT_PROJECT_VERSION = 1;
				DEVELOPMENT_TEAM = HP7U6AK4Y6;
				GENERATE_INFOPLIST_FILE = YES;
				INFOPLIST_FILE = Test1/Info.plist;
				INFOPLIST_KEY_UIApplicationSupportsIndirectInputEvents = YES;
				INFOPLIST_KEY_UILaunchStoryboardName = LaunchScreen;
				INFOPLIST_KEY_UISupportedInterfaceOrientations_iPad = "UIInterfaceOrientationPortrait UIInterfaceOrientationPortraitUpsideDown UIInterfaceOrientationLandscapeLeft UIInterfaceOrientationLandscapeRight";
				INFOPLIST_KEY_UISupportedInterfaceOrientations_iPhone = "UIInterfaceOrientationPortrait UIInterfaceOrientationLandscapeLeft UIInterfaceOrientationLandscapeRight";
				LD_RUNPATH_SEARCH_PATHS = (
					"$(inherited)",
					"@executable_path/Frameworks",
				);
				MARKETING_VERSION = 1.0;
				PRODUCT_BUNDLE_IDENTIFIER = dberd.Test1;
				PRODUCT_NAME = "$(TARGET_NAME)";
				SWIFT_EMIT_LOC_STRINGS = YES;
				SWIFT_VERSION = 5.0;
				TARGETED_DEVICE_FAMILY = "1,2";
			};
			name = Release;
		};
/* End XCBuildConfiguration section */

/* Begin XCConfigurationList section */
		5B8302E828AD50AB005DF459 /* Build configuration list for PBXProject "Test1" */ = {
			isa = XCConfigurationList;
			buildConfigurations = (
				5B8302FF28AD50AB005DF459 /* Debug */,
				5B83030028AD50AB005DF459 /* Release */,
			);
			defaultConfigurationIsVisible = 0;
			defaultConfigurationName = Release;
		};
		5B83030128AD50AB005DF459 /* Build configuration list for PBXNativeTarget "Test1" */ = {
			isa = XCConfigurationList;
			buildConfigurations = (
				5B83030228AD50AB005DF459 /* Debug */,
				5B83030328AD50AB005DF459 /* Release */,
			);
			defaultConfigurationIsVisible = 0;
			defaultConfigurationName = Release;
		};
/* End XCConfigurationList section */

/* Begin XCRemoteSwiftPackageReference section */
		5B1347B828AFC0920053C898 /* XCRemoteSwiftPackageReference "Kingfisher" */ = {
			isa = XCRemoteSwiftPackageReference;
			repositoryURL = "https://github.com/onevcat/Kingfisher";
			requirement = {
				kind = upToNextMajorVersion;
				minimumVersion = 7.0.0;
			};
		};
		5B1347C628AFD06F0053C898 /* XCRemoteSwiftPackageReference "SDWebImage" */ = {
			isa = XCRemoteSwiftPackageReference;
			repositoryURL = "https://github.com/SDWebImage/SDWebImage";
			requirement = {
				kind = upToNextMajorVersion;
				minimumVersion = 5.0.0;
			};
		};
		5B42ADA728AD791A0098B51C /* XCRemoteSwiftPackageReference "RxGesture" */ = {
			isa = XCRemoteSwiftPackageReference;
			repositoryURL = "https://github.com/RxSwiftCommunity/RxGesture.git";
			requirement = {
				kind = upToNextMajorVersion;
				minimumVersion = 4.0.2;
			};
		};
		5B42ADAA28AD792D0098B51C /* XCRemoteSwiftPackageReference "RxSwift" */ = {
			isa = XCRemoteSwiftPackageReference;
			repositoryURL = "https://github.com/ReactiveX/RxSwift.git";
			requirement = {
				kind = upToNextMajorVersion;
				minimumVersion = 6.0.0;
			};
		};
		5B42ADAB28AD79410098B51C /* XCRemoteSwiftPackageReference "SnapKit" */ = {
			isa = XCRemoteSwiftPackageReference;
			repositoryURL = "https://github.com/SnapKit/SnapKit.git";
			requirement = {
				kind = upToNextMajorVersion;
				minimumVersion = 5.0.0;
			};
		};
/* End XCRemoteSwiftPackageReference section */

/* Begin XCSwiftPackageProductDependency section */
		5B1347B928AFC0920053C898 /* Kingfisher */ = {
			isa = XCSwiftPackageProductDependency;
			package = 5B1347B828AFC0920053C898 /* XCRemoteSwiftPackageReference "Kingfisher" */;
			productName = Kingfisher;
		};
		5B1347C728AFD06F0053C898 /* SDWebImage */ = {
			isa = XCSwiftPackageProductDependency;
			package = 5B1347C628AFD06F0053C898 /* XCRemoteSwiftPackageReference "SDWebImage" */;
			productName = SDWebImage;
		};
		5B42ADA828AD791A0098B51C /* RxGesture */ = {
			isa = XCSwiftPackageProductDependency;
			package = 5B42ADA728AD791A0098B51C /* XCRemoteSwiftPackageReference "RxGesture" */;
			productName = RxGesture;
		};
		5B42ADAC28AD79410098B51C /* SnapKit */ = {
			isa = XCSwiftPackageProductDependency;
			package = 5B42ADAB28AD79410098B51C /* XCRemoteSwiftPackageReference "SnapKit" */;
			productName = SnapKit;
		};
/* End XCSwiftPackageProductDependency section */
	};
	rootObject = 5B8302E528AD50AB005DF459 /* Project object */;
}
